
Microsoft Visual Studio Solution File, Format Version 12.00
# Visual Studio 15
VisualStudioVersion = 15.0.26730.8
MinimumVisualStudioVersion = 10.0.40219.1
Project("{FAE04EC0-301F-11D3-BF4B-00C04F79EFBC}") = "Program3", "Program3\Program3.csproj", "{C604C55C-140C-4768-BA6D-570C454A8C2B}"
EndProject
Global
	GlobalSection(SolutionConfigurationPlatforms) = preSolution
		Debug|Any CPU = Debug|Any CPU
		Release|Any CPU = Release|Any CPU
	EndGlobalSection
	GlobalSection(ProjectConfigurationPlatforms) = postSolution
		{C604C55C-140C-4768-BA6D-570C454A8C2B}.Debug|Any CPU.ActiveCfg = Debug|Any CPU
		{C604C55C-140C-4768-BA6D-570C454A8C2B}.Debug|Any CPU.Build.0 = Debug|Any CPU
		{C604C55C-140C-4768-BA6D-570C454A8C2B}.Release|Any CPU.ActiveCfg = Release|Any CPU
		{C604C55C-140C-4768-BA6D-570C454A8C2B}.Release|Any CPU.Build.0 = Release|Any CPU
	EndGlobalSection
	GlobalSection(SolutionProperties) = preSolution
		HideSolutionNode = FALSE
	EndGlobalSection
	GlobalSection(ExtensibilityGlobals) = postSolution
		SolutionGuid = {F2652C04-7D6B-4EAC-88D4-BE25467665DF}
	EndGlobalSection
EndGlobal
